PODS:
  - FinClipChatKit (0.9.10)

DEPENDENCIES:
  - FinClipChatKit

SPEC REPOS:
  ssh://gitlab.finogeeks.club/finclip-ios/FinPods:
    - FinClipChatKit

SPEC CHECKSUMS:
  FinClipChatKit: 718e1035a6b7ace2d3a8320e49a4898a333f1525

PODFILE CHECKSUM: 7803bd399d1fc81417bee0a618a3d5472e35cdee

COCOAPODS: 1.16.2
